// !$*UTF8*$!
{
	archiveVersion = 1;
	classes = {
	};
	objectVersion = 50;
	objects = {

/* Begin PBXBuildFile section */
		5E0C17D7217B21FD00499BAF /* AppDelegate.swift in Sources */ = {isa = PBXBuildFile; fileRef = 5E0C17D6217B21FD00499BAF /* AppDelegate.swift */; };
		5E0C17D9217B21FD00499BAF /* ViewController.swift in Sources */ = {isa = PBXBuildFile; fileRef = 5E0C17D8217B21FD00499BAF /* ViewController.swift */; };
		5E0C17DC217B21FD00499BAF /* Main.storyboard in Resources */ = {isa = PBXBuildFile; fileRef = 5E0C17DA217B21FD00499BAF /* Main.storyboard */; };
		5E0C17DE217B220000499BAF /* Assets.xcassets in Resources */ = {isa = PBXBuildFile; fileRef = 5E0C17DD217B220000499BAF /* Assets.xcassets */; };
		5E0C17E1217B220000499BAF /* LaunchScreen.storyboard in Resources */ = {isa = PBXBuildFile; fileRef = 5E0C17DF217B220000499BAF /* LaunchScreen.storyboard */; };
		5E0C17EC217B220000499BAF /* __Tests.swift in Sources */ = {isa = PBXBuildFile; fileRef = 5E0C17EB217B220000499BAF /* __Tests.swift */; };
		5E0C17F7217B220000499BAF /* __UITests.swift in Sources */ = {isa = PBXBuildFile; fileRef = 5E0C17F6217B220000499BAF /* __UITests.swift */; };
/* End PBXBuildFile section */

/* Begin PBXContainerItemProxy section */
		5E0C17E8217B220000499BAF /* PBXContainerItemProxy */ = {
			isa = PBXContainerItemProxy;
			containerPortal = 5E0C17CB217B21FD00499BAF /* Project object */;
			proxyType = 1;
			remoteGlobalIDString = 5E0C17D2217B21FD00499BAF;
			remoteInfo = "配列";
		};
		5E0C17F3217B220000499BAF /* PBXContainerItemProxy */ = {
			isa = PBXContainerItemProxy;
			containerPortal = 5E0C17CB217B21FD00499BAF /* Project object */;
			proxyType = 1;
			remoteGlobalIDString = 5E0C17D2217B21FD00499BAF;
			remoteInfo = "配列";
		};
/* End PBXContainerItemProxy section */

/* Begin PBXFileReference section */
		5E0C17D3217B21FD00499BAF /* 配列.app */ = {isa = PBXFileReference; explicitFileType = wrapper.application; includeInIndex = 0; path = "配列.app"; sourceTree = BUILT_PRODUCTS_DIR; };
		5E0C17D6217B21FD00499BAF /* AppDelegate.swift */ = {isa = PBXFileReference; lastKnownFileType = sourcecode.swift; path = AppDelegate.swift; sourceTree = "<group>"; };
		5E0C17D8217B21FD00499BAF /* ViewController.swift */ = {isa = PBXFileReference; lastKnownFileType = sourcecode.swift; path = ViewController.swift; sourceTree = "<group>"; };
		5E0C17DB217B21FD00499BAF /* Base */ = {isa = PBXFileReference; lastKnownFileType = file.storyboard; name = Base; path = Base.lproj/Main.storyboard; sourceTree = "<group>"; };
		5E0C17DD217B220000499BAF /* Assets.xcassets */ = {isa = PBXFileReference; lastKnownFileType = folder.assetcatalog; path = Assets.xcassets; sourceTree = "<group>"; };
		5E0C17E0217B220000499BAF /* Base */ = {isa = PBXFileReference; lastKnownFileType = file.storyboard; name = Base; path = Base.lproj/LaunchScreen.storyboard; sourceTree = "<group>"; };
		5E0C17E2217B220000499BAF /* Info.plist */ = {isa = PBXFileReference; lastKnownFileType = text.plist.xml; path = Info.plist; sourceTree = "<group>"; };
		5E0C17E7217B220000499BAF /* 配列Tests.xctest */ = {isa = PBXFileReference; explicitFileType = wrapper.cfbundle; includeInIndex = 0; path = "配列Tests.xctest"; sourceTree = BUILT_PRODUCTS_DIR; };
		5E0C17EB217B220000499BAF /* __Tests.swift */ = {isa = PBXFileReference; lastKnownFileType = sourcecode.swift; path = __Tests.swift; sourceTree = "<group>"; };
		5E0C17ED217B220000499BAF /* Info.plist */ = {isa = PBXFileReference; lastKnownFileType = text.plist.xml; path = Info.plist; sourceTree = "<group>"; };
		5E0C17F2217B220000499BAF /* 配列UITests.xctest */ = {isa = PBXFileReference; explicitFileType = wrapper.cfbundle; includeInIndex = 0; path = "配列UITests.xctest"; sourceTree = BUILT_PRODUCTS_DIR; };
		5E0C17F6217B220000499BAF /* __UITests.swift */ = {isa = PBXFileReference; lastKnownFileType = sourcecode.swift; path = __UITests.swift; sourceTree = "<group>"; };
		5E0C17F8217B220000499BAF /* Info.plist */ = {isa = PBXFileReference; lastKnownFileType = text.plist.xml; path = Info.plist; sourceTree = "<group>"; };
/* End PBXFileReference section */

/* Begin PBXFrameworksBuildPhase section */
		5E0C17D0217B21FD00499BAF /* Frameworks */ = {
			isa = PBXFrameworksBuildPhase;
			buildActionMask = 2147483647;
			files = (
			);
			runOnlyForDeploymentPostprocessing = 0;
		};
		5E0C17E4217B220000499BAF /* Frameworks */ = {
			isa = PBXFrameworksBuildPhase;
			buildActionMask = 2147483647;
			files = (
			);
			runOnlyForDeploymentPostprocessing = 0;
		};
		5E0C17EF217B220000499BAF /* Frameworks */ = {
			isa = PBXFrameworksBuildPhase;
			buildActionMask = 2147483647;
			files = (
			);
			runOnlyForDeploymentPostprocessing = 0;
		};
/* End PBXFrameworksBuildPhase section */

/* Begin PBXGroup section */
		5E0C17CA217B21FD00499BAF = {
			isa = PBXGroup;
			children = (
				5E0C17D5217B21FD00499BAF /* 配列 */,
				5E0C17EA217B220000499BAF /* 配列Tests */,
				5E0C17F5217B220000499BAF /* 配列UITests */,
				5E0C17D4217B21FD00499BAF /* Products */,
			);
			sourceTree = "<group>";
		};
		5E0C17D4217B21FD00499BAF /* Products */ = {
			isa = PBXGroup;
			children = (
				5E0C17D3217B21FD00499BAF /* 配列.app */,
				5E0C17E7217B220000499BAF /* 配列Tests.xctest */,
				5E0C17F2217B220000499BAF /* 配列UITests.xctest */,
			);
			name = Products;
			sourceTree = "<group>";
		};
		5E0C17D5217B21FD00499BAF /* 配列 */ = {
			isa = PBXGroup;
			children = (
				5E0C17D6217B21FD00499BAF /* AppDelegate.swift */,
				5E0C17D8217B21FD00499BAF /* ViewController.swift */,
				5E0C17DA217B21FD00499BAF /* Main.storyboard */,
				5E0C17DD217B220000499BAF /* Assets.xcassets */,
				5E0C17DF217B220000499BAF /* LaunchScreen.storyboard */,
				5E0C17E2217B220000499BAF /* Info.plist */,
			);
			path = "配列";
			sourceTree = "<group>";
		};
		5E0C17EA217B220000499BAF /* 配列Tests */ = {
			isa = PBXGroup;
			children = (
				5E0C17EB217B220000499BAF /* __Tests.swift */,
				5E0C17ED217B220000499BAF /* Info.plist */,
			);
			path = "配列Tests";
			sourceTree = "<group>";
		};
		5E0C17F5217B220000499BAF /* 配列UITests */ = {
			isa = PBXGroup;
			children = (
				5E0C17F6217B220000499BAF /* __UITests.swift */,
				5E0C17F8217B220000499BAF /* Info.plist */,
			);
			path = "配列UITests";
			sourceTree = "<group>";
		};
/* End PBXGroup section */

/* Begin PBXNativeTarget section */
		5E0C17D2217B21FD00499BAF /* 配列 */ = {
			isa = PBXNativeTarget;
			buildConfigurationList = 5E0C17FB217B220000499BAF /* Build configuration list for PBXNativeTarget "配列" */;
			buildPhases = (
				5E0C17CF217B21FD00499BAF /* Sources */,
				5E0C17D0217B21FD00499BAF /* Frameworks */,
				5E0C17D1217B21FD00499BAF /* Resources */,
			);
			buildRules = (
			);
			dependencies = (
			);
			name = "配列";
			productName = "配列";
			productReference = 5E0C17D3217B21FD00499BAF /* 配列.app */;
			productType = "com.apple.product-type.application";
		};
		5E0C17E6217B220000499BAF /* 配列Tests */ = {
			isa = PBXNativeTarget;
			buildConfigurationList = 5E0C17FE217B220000499BAF /* Build configuration list for PBXNativeTarget "配列Tests" */;
			buildPhases = (
				5E0C17E3217B220000499BAF /* Sources */,
				5E0C17E4217B220000499BAF /* Frameworks */,
				5E0C17E5217B220000499BAF /* Resources */,
			);
			buildRules = (
			);
			dependencies = (
				5E0C17E9217B220000499BAF /* PBXTargetDependency */,
			);
			name = "配列Tests";
			productName = "配列Tests";
			productReference = 5E0C17E7217B220000499BAF /* 配列Tests.xctest */;
			productType = "com.apple.product-type.bundle.unit-test";
		};
		5E0C17F1217B220000499BAF /* 配列UITests */ = {
			isa = PBXNativeTarget;
			buildConfigurationList = 5E0C1801217B220000499BAF /* Build configuration list for PBXNativeTarget "配列UITests" */;
			buildPhases = (
				5E0C17EE217B220000499BAF /* Sources */,
				5E0C17EF217B220000499BAF /* Frameworks */,
				5E0C17F0217B220000499BAF /* Resources */,
			);
			buildRules = (
			);
			dependencies = (
				5E0C17F4217B220000499BAF /* PBXTargetDependency */,
			);
			name = "配列UITests";
			productName = "配列UITests";
			productReference = 5E0C17F2217B220000499BAF /* 配列UITests.xctest */;
			productType = "com.apple.product-type.bundle.ui-testing";
		};
/* End PBXNativeTarget section */

/* Begin PBXProject section */
		5E0C17CB217B21FD00499BAF /* Project object */ = {
			isa = PBXProject;
			attributes = {
				LastSwiftUpdateCheck = 1000;
				LastUpgradeCheck = 1000;
				ORGANIZATIONNAME = "杉浦文哉";
				TargetAttributes = {
					5E0C17D2217B21FD00499BAF = {
						CreatedOnToolsVersion = 10.0;
					};
					5E0C17E6217B220000499BAF = {
						CreatedOnToolsVersion = 10.0;
						TestTargetID = 5E0C17D2217B21FD00499BAF;
					};
					5E0C17F1217B220000499BAF = {
						CreatedOnToolsVersion = 10.0;
						TestTargetID = 5E0C17D2217B21FD00499BAF;
					};
				};
			};
			buildConfigurationList = 5E0C17CE217B21FD00499BAF /* Build configuration list for PBXProject "配列" */;
			compatibilityVersion = "Xcode 9.3";
			developmentRegion = en;
			hasScannedForEncodings = 0;
			knownRegions = (
				en,
				Base,
			);
			mainGroup = 5E0C17CA217B21FD00499BAF;
			productRefGroup = 5E0C17D4217B21FD00499BAF /* Products */;
			projectDirPath = "";
			projectRoot = "";
			targets = (
				5E0C17D2217B21FD00499BAF /* 配列 */,
				5E0C17E6217B220000499BAF /* 配列Tests */,
				5E0C17F1217B220000499BAF /* 配列UITests */,
			);
		};
/* End PBXProject section */

/* Begin PBXResourcesBuildPhase section */
		5E0C17D1217B21FD00499BAF /* Resources */ = {
			isa = PBXResourcesBuildPhase;
			buildActionMask = 2147483647;
			files = (
				5E0C17E1217B220000499BAF /* LaunchScreen.storyboard in Resources */,
				5E0C17DE217B220000499BAF /* Assets.xcassets in Resources */,
				5E0C17DC217B21FD00499BAF /* Main.storyboard in Resources */,
			);
			runOnlyForDeploymentPostprocessing = 0;
		};
		5E0C17E5217B220000499BAF /* Resources */ = {
			isa = PBXResourcesBuildPhase;
			buildActionMask = 2147483647;
			files = (
			);
			runOnlyForDeploymentPostprocessing = 0;
		};
		5E0C17F0217B220000499BAF /* Resources */ = {
			isa = PBXResourcesBuildPhase;
			buildActionMask = 2147483647;
			files = (
			);
			runOnlyForDeploymentPostprocessing = 0;
		};
/* End PBXResourcesBuildPhase section */

/* Begin PBXSourcesBuildPhase section */
		5E0C17CF217B21FD00499BAF /* Sources */ = {
			isa = PBXSourcesBuildPhase;
			buildActionMask = 2147483647;
			files = (
				5E0C17D9217B21FD00499BAF /* ViewController.swift in Sources */,
				5E0C17D7217B21FD00499BAF /* AppDelegate.swift in Sources */,
			);
			runOnlyForDeploymentPostprocessing = 0;
		};
		5E0C17E3217B220000499BAF /* Sources */ = {
			isa = PBXSourcesBuildPhase;
			buildActionMask = 2147483647;
			files = (
				5E0C17EC217B220000499BAF /* __Tests.swift in Sources */,
			);
			runOnlyForDeploymentPostprocessing = 0;
		};
		5E0C17EE217B220000499BAF /* Sources */ = {
			isa = PBXSourcesBuildPhase;
			buildActionMask = 2147483647;
			files = (
				5E0C17F7217B220000499BAF /* __UITests.swift in Sources */,
			);
			runOnlyForDeploymentPostprocessing = 0;
		};
/* End PBXSourcesBuildPhase section */

/* Begin PBXTargetDependency section */
		5E0C17E9217B220000499BAF /* PBXTargetDependency */ = {
			isa = PBXTargetDependency;
			target = 5E0C17D2217B21FD00499BAF /* 配列 */;
			targetProxy = 5E0C17E8217B220000499BAF /* PBXContainerItemProxy */;
		};
		5E0C17F4217B220000499BAF /* PBXTargetDependency */ = {
			isa = PBXTargetDependency;
			target = 5E0C17D2217B21FD00499BAF /* 配列 */;
			targetProxy = 5E0C17F3217B220000499BAF /* PBXContainerItemProxy */;
		};
/* End PBXTargetDependency section */

/* Begin PBXVariantGroup section */
		5E0C17DA217B21FD00499BAF /* Main.storyboard */ = {
			isa = PBXVariantGroup;
			children = (
				5E0C17DB217B21FD00499BAF /* Base */,
			);
			name = Main.storyboard;
			sourceTree = "<group>";
		};
		5E0C17DF217B220000499BAF /* LaunchScreen.storyboard */ = {
			isa = PBXVariantGroup;
			children = (
				5E0C17E0217B220000499BAF /* Base */,
			);
			name = LaunchScreen.storyboard;
			sourceTree = "<group>";
		};
/* End PBXVariantGroup section */

/* Begin XCBuildConfiguration section */
		5E0C17F9217B220000499BAF /* Debug */ = {
			isa = XCBuildConfiguration;
			buildSettings = {
				ALWAYS_SEARCH_USER_PATHS = NO;
				CLANG_ANALYZER_NONNULL = YES;
				CLANG_ANALYZER_NUMBER_OBJECT_CONVERSION = YES_AGGRESSIVE;
				CLANG_CXX_LANGUAGE_STANDARD = "gnu++14";
				CLANG_CXX_LIBRARY = "libc++";
				CLANG_ENABLE_MODULES = YES;
				CLANG_ENABLE_OBJC_ARC = YES;
				CLANG_ENABLE_OBJC_WEAK = YES;
				CLANG_WARN_BLOCK_CAPTURE_AUTORELEASING = YES;
				CLANG_WARN_BOOL_CONVERSION = YES;
				CLANG_WARN_COMMA = YES;
				CLANG_WARN_CONSTANT_CONVERSION = YES;
				CLANG_WARN_DEPRECATED_OBJC_IMPLEMENTATIONS = YES;
				CLANG_WARN_DIRECT_OBJC_ISA_USAGE = YES_ERROR;
				CLANG_WARN_DOCUMENTATION_COMMENTS = YES;
				CLANG_WARN_EMPTY_BODY = YES;
				CLANG_WARN_ENUM_CONVERSION = YES;
				CLANG_WARN_INFINITE_RECURSION = YES;
				CLANG_WARN_INT_CONVERSION = YES;
				CLANG_WARN_NON_LITERAL_NULL_CONVERSION = YES;
				CLANG_WARN_OBJC_IMPLICIT_RETAIN_SELF = YES;
				CLANG_WARN_OBJC_LITERAL_CONVERSION = YES;
				CLANG_WARN_OBJC_ROOT_CLASS = YES_ERROR;
				CLANG_WARN_RANGE_LOOP_ANALYSIS = YES;
				CLANG_WARN_STRICT_PROTOTYPES = YES;
				CLANG_WARN_SUSPICIOUS_MOVE = YES;
				CLANG_WARN_UNGUARDED_AVAILABILITY = YES_AGGRESSIVE;
				CLANG_WARN_UNREACHABLE_CODE = YES;
				CLANG_WARN__DUPLICATE_METHOD_MATCH = YES;
				CODE_SIGN_IDENTITY = "iPhone Developer";
				COPY_PHASE_STRIP = NO;
				DEBUG_INFORMATION_FORMAT = dwarf;
				ENABLE_STRICT_OBJC_MSGSEND = YES;
				ENABLE_TESTABILITY = YES;
				GCC_C_LANGUAGE_STANDARD = gnu11;
				GCC_DYNAMIC_NO_PIC = NO;
				GCC_NO_COMMON_BLOCKS = YES;
				GCC_OPTIMIZATION_LEVEL = 0;
				GCC_PREPROCESSOR_DEFINITIONS = (
					"DEBUG=1",
					"$(inherited)",
				);
				GCC_WARN_64_TO_32_BIT_CONVERSION = YES;
				GCC_WARN_ABOUT_RETURN_TYPE = YES_ERROR;
				GCC_WARN_UNDECLARED_SELECTOR = YES;
				GCC_WARN_UNINITIALIZED_AUTOS = YES_AGGRESSIVE;
				GCC_WARN_UNUSED_FUNCTION = YES;
				GCC_WARN_UNUSED_VARIABLE = YES;
				IPHONEOS_DEPLOYMENT_TARGET = 12.0;
				MTL_ENABLE_DEBUG_INFO = INCLUDE_SOURCE;
				MTL_FAST_MATH = YES;
				ONLY_ACTIVE_ARCH = YES;
				SDKROOT = iphoneos;
				SWIFT_ACTIVE_COMPILATION_CONDITIONS = DEBUG;
				SWIFT_OPTIMIZATION_LEVEL = "-Onone";
			};
			name = Debug;
		};
		5E0C17FA217B220000499BAF /* Release */ = {
			isa = XCBuildConfiguration;
			buildSettings = {
				ALWAYS_SEARCH_USER_PATHS = NO;
				CLANG_ANALYZER_NONNULL = YES;
				CLANG_ANALYZER_NUMBER_OBJECT_CONVERSION = YES_AGGRESSIVE;
				CLANG_CXX_LANGUAGE_STANDARD = "gnu++14";
				CLANG_CXX_LIBRARY = "libc++";
				CLANG_ENABLE_MODULES = YES;
				CLANG_ENABLE_OBJC_ARC = YES;
				CLANG_ENABLE_OBJC_WEAK = YES;
				CLANG_WARN_BLOCK_CAPTURE_AUTORELEASING = YES;
				CLANG_WARN_BOOL_CONVERSION = YES;
				CLANG_WARN_COMMA = YES;
				CLANG_WARN_CONSTANT_CONVERSION = YES;
				CLANG_WARN_DEPRECATED_OBJC_IMPLEMENTATIONS = YES;
				CLANG_WARN_DIRECT_OBJC_ISA_USAGE = YES_ERROR;
				CLANG_WARN_DOCUMENTATION_COMMENTS = YES;
				CLANG_WARN_EMPTY_BODY = YES;
				CLANG_WARN_ENUM_CONVERSION = YES;
				CLANG_WARN_INFINITE_RECURSION = YES;
				CLANG_WARN_INT_CONVERSION = YES;
				CLANG_WARN_NON_LITERAL_NULL_CONVERSION = YES;
				CLANG_WARN_OBJC_IMPLICIT_RETAIN_SELF = YES;
				CLANG_WARN_OBJC_LITERAL_CONVERSION = YES;
				CLANG_WARN_OBJC_ROOT_CLASS = YES_ERROR;
				CLANG_WARN_RANGE_LOOP_ANALYSIS = YES;
				CLANG_WARN_STRICT_PROTOTYPES = YES;
				CLANG_WARN_SUSPICIOUS_MOVE = YES;
				CLANG_WARN_UNGUARDED_AVAILABILITY = YES_AGGRESSIVE;
				CLANG_WARN_UNREACHABLE_CODE = YES;
				CLANG_WARN__DUPLICATE_METHOD_MATCH = YES;
				CODE_SIGN_IDENTITY = "iPhone Developer";
				COPY_PHASE_STRIP = NO;
				DEBUG_INFORMATION_FORMAT = "dwarf-with-dsym";
				ENABLE_NS_ASSERTIONS = NO;
				ENABLE_STRICT_OBJC_MSGSEND = YES;
				GCC_C_LANGUAGE_STANDARD = gnu11;
				GCC_NO_COMMON_BLOCKS = YES;
				GCC_WARN_64_TO_32_BIT_CONVERSION = YES;
				GCC_WARN_ABOUT_RETURN_TYPE = YES_ERROR;
				GCC_WARN_UNDECLARED_SELECTOR = YES;
				GCC_WARN_UNINITIALIZED_AUTOS = YES_AGGRESSIVE;
				GCC_WARN_UNUSED_FUNCTION = YES;
				GCC_WARN_UNUSED_VARIABLE = YES;
				IPHONEOS_DEPLOYMENT_TARGET = 12.0;
				MTL_ENABLE_DEBUG_INFO = NO;
				MTL_FAST_MATH = YES;
				SDKROOT = iphoneos;
				SWIFT_COMPILATION_MODE = wholemodule;
				SWIFT_OPTIMIZATION_LEVEL = "-O";
				VALIDATE_PRODUCT = YES;
			};
			name = Release;
		};
		5E0C17FC217B220000499BAF /* Debug */ = {
			isa = XCBuildConfiguration;
			buildSettings = {
				ASSETCATALOG_COMPILER_APPICON_NAME = AppIcon;
				CODE_SIGN_STYLE = Automatic;
				DEVELOPMENT_TEAM = MBGPH5YU34;
				INFOPLIST_FILE = "配列/Info.plist";
				LD_RUNPATH_SEARCH_PATHS = (
					"$(inherited)",
					"@executable_path/Frameworks",
				);
				PRODUCT_BUNDLE_IDENTIFIER = "fumiya.sugiura.--";
				PRODUCT_NAME = "$(TARGET_NAME)";
				SWIFT_VERSION = 4.2;
				TARGETED_DEVICE_FAMILY = "1,2";
			};
			name = Debug;
		};
		5E0C17FD217B220000499BAF /* Release */ = {
			isa = XCBuildConfiguration;
			buildSettings = {
				ASSETCATALOG_COMPILER_APPICON_NAME = AppIcon;
				CODE_SIGN_STYLE = Automatic;
				DEVELOPMENT_TEAM = MBGPH5YU34;
				INFOPLIST_FILE = "配列/Info.plist";
				LD_RUNPATH_SEARCH_PATHS = (
					"$(inherited)",
					"@executable_path/Frameworks",
				);
				PRODUCT_BUNDLE_IDENTIFIER = "fumiya.sugiura.--";
				PRODUCT_NAME = "$(TARGET_NAME)";
				SWIFT_VERSION = 4.2;
				TARGETED_DEVICE_FAMILY = "1,2";
			};
			name = Release;
		};
		5E0C17FF217B220000499BAF /* Debug */ = {
			isa = XCBuildConfiguration;
			buildSettings = {
				ALWAYS_EMBED_SWIFT_STANDARD_LIBRARIES = YES;
				BUNDLE_LOADER = "$(TEST_HOST)";
				CODE_SIGN_STYLE = Automatic;
				DEVELOPMENT_TEAM = MBGPH5YU34;
				INFOPLIST_FILE = "配列Tests/Info.plist";
				LD_RUNPATH_SEARCH_PATHS = (
					"$(inherited)",
					"@executable_path/Frameworks",
					"@loader_path/Frameworks",
				);
				PRODUCT_BUNDLE_IDENTIFIER = "fumiya.sugiura.--Tests";
				PRODUCT_NAME = "$(TARGET_NAME)";
				SWIFT_VERSION = 4.2;
				TARGETED_DEVICE_FAMILY = "1,2";
				TEST_HOST = "$(BUILT_PRODUCTS_DIR)/配列.app/配列";
			};
			name = Debug;
		};
		5E0C1800217B220000499BAF /* Release */ = {
			isa = XCBuildConfiguration;
			buildSettings = {
				ALWAYS_EMBED_SWIFT_STANDARD_LIBRARIES = YES;
				BUNDLE_LOADER = "$(TEST_HOST)";
				CODE_SIGN_STYLE = Automatic;
				DEVELOPMENT_TEAM = MBGPH5YU34;
				INFOPLIST_FILE = "配列Tests/Info.plist";
				LD_RUNPATH_SEARCH_PATHS = (
					"$(inherited)",
					"@executable_path/Frameworks",
					"@loader_path/Frameworks",
				);
				PRODUCT_BUNDLE_IDENTIFIER = "fumiya.sugiura.--Tests";
				PRODUCT_NAME = "$(TARGET_NAME)";
				SWIFT_VERSION = 4.2;
				TARGETED_DEVICE_FAMILY = "1,2";
				TEST_HOST = "$(BUILT_PRODUCTS_DIR)/配列.app/配列";
			};
			name = Release;
		};
		5E0C1802217B220000499BAF /* Debug */ = {
			isa = XCBuildConfiguration;
			buildSettings = {
				ALWAYS_EMBED_SWIFT_STANDARD_LIBRARIES = YES;
				CODE_SIGN_STYLE = Automatic;
				DEVELOPMENT_TEAM = MBGPH5YU34;
				INFOPLIST_FILE = "配列UITests/Info.plist";
				LD_RUNPATH_SEARCH_PATHS = (
					"$(inherited)",
					"@executable_path/Frameworks",
					"@loader_path/Frameworks",
				);
				PRODUCT_BUNDLE_IDENTIFIER = "fumiya.sugiura.--UITests";
				PRODUCT_NAME = "$(TARGET_NAME)";
				SWIFT_VERSION = 4.2;
				TARGETED_DEVICE_FAMILY = "1,2";
				TEST_TARGET_NAME = "配列";
			};
			name = Debug;
		};
		5E0C1803217B220000499BAF /* Release */ = {
			isa = XCBuildConfiguration;
			buildSettings = {
				ALWAYS_EMBED_SWIFT_STANDARD_LIBRARIES = YES;
				CODE_SIGN_STYLE = Automatic;
				DEVELOPMENT_TEAM = MBGPH5YU34;
				INFOPLIST_FILE = "配列UITests/Info.plist";
				LD_RUNPATH_SEARCH_PATHS = (
					"$(inherited)",
					"@executable_path/Frameworks",
					"@loader_path/Frameworks",
				);
				PRODUCT_BUNDLE_IDENTIFIER = "fumiya.sugiura.--UITests";
				PRODUCT_NAME = "$(TARGET_NAME)";
				SWIFT_VERSION = 4.2;
				TARGETED_DEVICE_FAMILY = "1,2";
				TEST_TARGET_NAME = "配列";
			};
			name = Release;
		};
/* End XCBuildConfiguration section */

/* Begin XCConfigurationList section */
		5E0C17CE217B21FD00499BAF /* Build configuration list for PBXProject "配列" */ = {
			isa = XCConfigurationList;
			buildConfigurations = (
				5E0C17F9217B220000499BAF /* Debug */,
				5E0C17FA217B220000499BAF /* Release */,
			);
			defaultConfigurationIsVisible = 0;
			defaultConfigurationName = Release;
		};
		5E0C17FB217B220000499BAF /* Build configuration list for PBXNativeTarget "配列" */ = {
			isa = XCConfigurationList;
			buildConfigurations = (
				5E0C17FC217B220000499BAF /* Debug */,
				5E0C17FD217B220000499BAF /* Release */,
			);
			defaultConfigurationIsVisible = 0;
			defaultConfigurationName = Release;
		};
		5E0C17FE217B220000499BAF /* Build configuration list for PBXNativeTarget "配列Tests" */ = {
			isa = XCConfigurationList;
			buildConfigurations = (
				5E0C17FF217B220000499BAF /* Debug */,
				5E0C1800217B220000499BAF /* Release */,
			);
			defaultConfigurationIsVisible = 0;
			defaultConfigurationName = Release;
		};
		5E0C1801217B220000499BAF /* Build configuration list for PBXNativeTarget "配列UITests" */ = {
			isa = XCConfigurationList;
			buildConfigurations = (
				5E0C1802217B220000499BAF /* Debug */,
				5E0C1803217B220000499BAF /* Release */,
			);
			defaultConfigurationIsVisible = 0;
			defaultConfigurationName = Release;
		};
/* End XCConfigurationList section */
	};
	rootObject = 5E0C17CB217B21FD00499BAF /* Project object */;
}
